
Microsoft Visual Studio Solution File, Format Version 12.00
# Visual Studio Version 17
VisualStudioVersion = 17.14.35821.62
MinimumVisualStudioVersion = 10.0.40219.1
Project("{8BC9CEB8-8B4A-11D0-8D11-00A0C91BC942}") = "lommeregner", "lommeregner.vcxproj", "{4D993B47-5036-4A53-A387-2CA13B2C81A4}"
EndProject
Global
	GlobalSection(SolutionConfigurationPlatforms) = preSolution
		Debug|x64 = Debug|x64
		Release|x64 = Release|x64
	EndGlobalSection
	GlobalSection(ProjectConfigurationPlatforms) = postSolution
		{4D993B47-5036-4A53-A387-2CA13B2C81A4}.Debug|x64.ActiveCfg = Debug|x64
		{4D993B47-5036-4A53-A387-2CA13B2C81A4}.Debug|x64.Build.0 = Debug|x64
		{4D993B47-5036-4A53-A387-2CA13B2C81A4}.Release|x64.ActiveCfg = Release|x64
		{4D993B47-5036-4A53-A387-2CA13B2C81A4}.Release|x64.Build.0 = Release|x64
	EndGlobalSection
	GlobalSection(SolutionProperties) = preSolution
		HideSolutionNode = FALSE
	EndGlobalSection
	GlobalSection(ExtensibilityGlobals) = postSolution
		SolutionGuid = {B1E3D54F-097E-465B-ACFA-3E2E448F8943}
	EndGlobalSection
EndGlobal
