
Microsoft Visual Studio Solution File, Format Version 12.00
# Visual Studio Version 17
VisualStudioVersion = 17.14.35821.62 d17.14
MinimumVisualStudioVersion = 10.0.40219.1
Project("{888888A0-9F3D-457C-B088-3A5042F75D52}") = "cereal_api", "cereal_api.pyproj", "{AC457A74-442A-4411-80FD-F667B0145A10}"
EndProject
Global
	GlobalSection(SolutionConfigurationPlatforms) = preSolution
		Debug|Any CPU = Debug|Any CPU
		Release|Any CPU = Release|Any CPU
	EndGlobalSection
	GlobalSection(ProjectConfigurationPlatforms) = postSolution
		{AC457A74-442A-4411-80FD-F667B0145A10}.Debug|Any CPU.ActiveCfg = Debug|Any CPU
		{AC457A74-442A-4411-80FD-F667B0145A10}.Release|Any CPU.ActiveCfg = Release|Any CPU
	EndGlobalSection
	GlobalSection(SolutionProperties) = preSolution
		HideSolutionNode = FALSE
	EndGlobalSection
	GlobalSection(ExtensibilityGlobals) = postSolution
		SolutionGuid = {534393AF-85A2-4261-8D95-527A0D2916EF}
	EndGlobalSection
EndGlobal
